
Microsoft Visual Studio Solution File, Format Version 12.00
# Visual Studio Version 16
VisualStudioVersion = 16.0.31424.327
MinimumVisualStudioVersion = 10.0.40219.1
Project("{9A19103F-16F7-4668-BE54-9A1E7A4F7556}") = "PrjSecondApplication", "PrjSecondApplication\PrjSecondApplication.csproj", "{64D443E3-358F-42C6-B023-700D886B149F}"
EndProject
Project("{FAE04EC0-301F-11D3-BF4B-00C04F79EFBC}") = "PrjAdo.NetEg", "PrjAdo.NetEg\PrjAdo.NetEg.csproj", "{2D8A6B8F-7BAE-4425-898B-9D6BD28FE3FE}"
EndProject
Global
	GlobalSection(SolutionConfigurationPlatforms) = preSolution
		Debug|Any CPU = Debug|Any CPU
		Release|Any CPU = Release|Any CPU
	EndGlobalSection
	GlobalSection(ProjectConfigurationPlatforms) = postSolution
		{64D443E3-358F-42C6-B023-700D886B149F}.Debug|Any CPU.ActiveCfg = Debug|Any CPU
		{64D443E3-358F-42C6-B023-700D886B149F}.Debug|Any CPU.Build.0 = Debug|Any CPU
		{64D443E3-358F-42C6-B023-700D886B149F}.Release|Any CPU.ActiveCfg = Release|Any CPU
		{64D443E3-358F-42C6-B023-700D886B149F}.Release|Any CPU.Build.0 = Release|Any CPU
		{2D8A6B8F-7BAE-4425-898B-9D6BD28FE3FE}.Debug|Any CPU.ActiveCfg = Debug|Any CPU
		{2D8A6B8F-7BAE-4425-898B-9D6BD28FE3FE}.Debug|Any CPU.Build.0 = Debug|Any CPU
		{2D8A6B8F-7BAE-4425-898B-9D6BD28FE3FE}.Release|Any CPU.ActiveCfg = Release|Any CPU
		{2D8A6B8F-7BAE-4425-898B-9D6BD28FE3FE}.Release|Any CPU.Build.0 = Release|Any CPU
	EndGlobalSection
	GlobalSection(SolutionProperties) = preSolution
		HideSolutionNode = FALSE
	EndGlobalSection
	GlobalSection(ExtensibilityGlobals) = postSolution
		SolutionGuid = {96002CDE-4B91-49F1-8100-65948CB26B24}
	EndGlobalSection
EndGlobal
